{
  "originHash" : "88abd198479816746d7d191b6f35f8014c484df02254dd3784b88c4d41c23baf",
  "pins" : [
    {
      "identity" : "amsmb2",
      "kind" : "remoteSourceControl",
      "location" : "https://github.com/amosavian/AMSMB2.git",
      "state" : {
        "revision" : "f1ea3b0de86abcbc648a0b6223d6a36569716428",
        "version" : "3.4.0"
      }
    }
  ],
  "version" : 3
}
